// !$*UTF8*$!
{
	archiveVersion = 1;
	classes = {
	};
	objectVersion = 46;
	objects = {

/* Begin PBXBuildFile section */
		D962E337192EED02003E1B06 /* Foundation.framework in Frameworks */ = {isa = PBXBuildFile; fileRef = D962E336192EED02003E1B06 /* Foundation.framework */; };
		D962E339192EED02003E1B06 /* CoreGraphics.framework in Frameworks */ = {isa = PBXBuildFile; fileRef = D962E338192EED02003E1B06 /* CoreGraphics.framework */; };
		D962E33B192EED02003E1B06 /* UIKit.framework in Frameworks */ = {isa = PBXBuildFile; fileRef = D962E33A192EED02003E1B06 /* UIKit.framework */; };
		D962E341192EED02003E1B06 /* InfoPlist.strings in Resources */ = {isa = PBXBuildFile; fileRef = D962E33F192EED02003E1B06 /* InfoPlist.strings */; };
		D962E343192EED02003E1B06 /* main.m in Sources */ = {isa = PBXBuildFile; fileRef = D962E342192EED02003E1B06 /* main.m */; };
		D962E347192EED02003E1B06 /* ACAppDelegate.m in Sources */ = {isa = PBXBuildFile; fileRef = D962E346192EED02003E1B06 /* ACAppDelegate.m */; };
		D962E34A192EED02003E1B06 /* Main.storyboard in Resources */ = {isa = PBXBuildFile; fileRef = D962E348192EED02003E1B06 /* Main.storyboard */; };
		D962E34D192EED02003E1B06 /* ACViewController.m in Sources */ = {isa = PBXBuildFile; fileRef = D962E34C192EED02003E1B06 /* ACViewController.m */; };
		D962E34F192EED02003E1B06 /* Images.xcassets in Resources */ = {isa = PBXBuildFile; fileRef = D962E34E192EED02003E1B06 /* Images.xcassets */; };
		D962E356192EED02003E1B06 /* XCTest.framework in Frameworks */ = {isa = PBXBuildFile; fileRef = D962E355192EED02003E1B06 /* XCTest.framework */; };
		D962E357192EED02003E1B06 /* Foundation.framework in Frameworks */ = {isa = PBXBuildFile; fileRef = D962E336192EED02003E1B06 /* Foundation.framework */; };
		D962E358192EED02003E1B06 /* UIKit.framework in Frameworks */ = {isa = PBXBuildFile; fileRef = D962E33A192EED02003E1B06 /* UIKit.framework */; };
		D962E360192EED02003E1B06 /* InfoPlist.strings in Resources */ = {isa = PBXBuildFile; fileRef = D962E35E192EED02003E1B06 /* InfoPlist.strings */; };
		D962E362192EED02003E1B06 /* UIViewTests.m in Sources */ = {isa = PBXBuildFile; fileRef = D962E361192EED02003E1B06 /* UIViewTests.m */; };
		D9E7F2EC192FF5BF00C87862 /* ACBubbleView.m in Sources */ = {isa = PBXBuildFile; fileRef = D9E7F2EB192FF5BF00C87862 /* ACBubbleView.m */; };
/* End PBXBuildFile section */

/* Begin PBXContainerItemProxy section */
		D962E359192EED02003E1B06 /* PBXContainerItemProxy */ = {
			isa = PBXContainerItemProxy;
			containerPortal = D962E32B192EED02003E1B06 /* Project object */;
			proxyType = 1;
			remoteGlobalIDString = D962E332192EED02003E1B06;
			remoteInfo = UIView;
		};
/* End PBXContainerItemProxy section */

/* Begin PBXFileReference section */
		D962E333192EED02003E1B06 /* UIView.app */ = {isa = PBXFileReference; explicitFileType = wrapper.application; includeInIndex = 0; path = UIView.app; sourceTree = BUILT_PRODUCTS_DIR; };
		D962E336192EED02003E1B06 /* Foundation.framework */ = {isa = PBXFileReference; lastKnownFileType = wrapper.framework; name = Foundation.framework; path = System/Library/Frameworks/Foundation.framework; sourceTree = SDKROOT; };
		D962E338192EED02003E1B06 /* CoreGraphics.framework */ = {isa = PBXFileReference; lastKnownFileType = wrapper.framework; name = CoreGraphics.framework; path = System/Library/Frameworks/CoreGraphics.framework; sourceTree = SDKROOT; };
		D962E33A192EED02003E1B06 /* UIKit.framework */ = {isa = PBXFileReference; lastKnownFileType = wrapper.framework; name = UIKit.framework; path = System/Library/Frameworks/UIKit.framework; sourceTree = SDKROOT; };
		D962E33E192EED02003E1B06 /* UIView-Info.plist */ = {isa = PBXFileReference; lastKnownFileType = text.plist.xml; path = "UIView-Info.plist"; sourceTree = "<group>"; };
		D962E340192EED02003E1B06 /* en */ = {isa = PBXFileReference; lastKnownFileType = text.plist.strings; name = en; path = en.lproj/InfoPlist.strings; sourceTree = "<group>"; };
		D962E342192EED02003E1B06 /* main.m */ = {isa = PBXFileReference; lastKnownFileType = sourcecode.c.objc; path = main.m; sourceTree = "<group>"; };
		D962E344192EED02003E1B06 /* UIView-Prefix.pch */ = {isa = PBXFileReference; lastKnownFileType = sourcecode.c.h; path = "UIView-Prefix.pch"; sourceTree = "<group>"; };
		D962E345192EED02003E1B06 /* ACAppDelegate.h */ = {isa = PBXFileReference; lastKnownFileType = sourcecode.c.h; path = ACAppDelegate.h; sourceTree = "<group>"; };
		D962E346192EED02003E1B06 /* ACAppDelegate.m */ = {isa = PBXFileReference; lastKnownFileType = sourcecode.c.objc; path = ACAppDelegate.m; sourceTree = "<group>"; };
		D962E349192EED02003E1B06 /* Base */ = {isa = PBXFileReference; lastKnownFileType = file.storyboard; name = Base; path = Base.lproj/Main.storyboard; sourceTree = "<group>"; };
		D962E34B192EED02003E1B06 /* ACViewController.h */ = {isa = PBXFileReference; lastKnownFileType = sourcecode.c.h; path = ACViewController.h; sourceTree = "<group>"; };
		D962E34C192EED02003E1B06 /* ACViewController.m */ = {isa = PBXFileReference; lastKnownFileType = sourcecode.c.objc; path = ACViewController.m; sourceTree = "<group>"; };
		D962E34E192EED02003E1B06 /* Images.xcassets */ = {isa = PBXFileReference; lastKnownFileType = folder.assetcatalog; path = Images.xcassets; sourceTree = "<group>"; };
		D962E354192EED02003E1B06 /* UIViewTests.xctest */ = {isa = PBXFileReference; explicitFileType = wrapper.cfbundle; includeInIndex = 0; path = UIViewTests.xctest; sourceTree = BUILT_PRODUCTS_DIR; };
		D962E355192EED02003E1B06 /* XCTest.framework */ = {isa = PBXFileReference; lastKnownFileType = wrapper.framework; name = XCTest.framework; path = Library/Frameworks/XCTest.framework; sourceTree = DEVELOPER_DIR; };
		D962E35D192EED02003E1B06 /* UIViewTests-Info.plist */ = {isa = PBXFileReference; lastKnownFileType = text.plist.xml; path = "UIViewTests-Info.plist"; sourceTree = "<group>"; };
		D962E35F192EED02003E1B06 /* en */ = {isa = PBXFileReference; lastKnownFileType = text.plist.strings; name = en; path = en.lproj/InfoPlist.strings; sourceTree = "<group>"; };
		D962E361192EED02003E1B06 /* UIViewTests.m */ = {isa = PBXFileReference; lastKnownFileType = sourcecode.c.objc; path = UIViewTests.m; sourceTree = "<group>"; };
		D9E7F2EA192FF5BF00C87862 /* ACBubbleView.h */ = {isa = PBXFileReference; fileEncoding = 4; lastKnownFileType = sourcecode.c.h; path = ACBubbleView.h; sourceTree = "<group>"; };
		D9E7F2EB192FF5BF00C87862 /* ACBubbleView.m */ = {isa = PBXFileReference; fileEncoding = 4; lastKnownFileType = sourcecode.c.objc; path = ACBubbleView.m; sourceTree = "<group>"; };
/* End PBXFileReference section */

/* Begin PBXFrameworksBuildPhase section */
		D962E330192EED02003E1B06 /* Frameworks */ = {
			isa = PBXFrameworksBuildPhase;
			buildActionMask = 2147483647;
			files = (
				D962E339192EED02003E1B06 /* CoreGraphics.framework in Frameworks */,
				D962E33B192EED02003E1B06 /* UIKit.framework in Frameworks */,
				D962E337192EED02003E1B06 /* Foundation.framework in Frameworks */,
			);
			runOnlyForDeploymentPostprocessing = 0;
		};
		D962E351192EED02003E1B06 /* Frameworks */ = {
			isa = PBXFrameworksBuildPhase;
			buildActionMask = 2147483647;
			files = (
				D962E356192EED02003E1B06 /* XCTest.framework in Frameworks */,
				D962E358192EED02003E1B06 /* UIKit.framework in Frameworks */,
				D962E357192EED02003E1B06 /* Foundation.framework in Frameworks */,
			);
			runOnlyForDeploymentPostprocessing = 0;
		};
/* End PBXFrameworksBuildPhase section */

/* Begin PBXGroup section */
		D962E32A192EED02003E1B06 = {
			isa = PBXGroup;
			children = (
				D962E33C192EED02003E1B06 /* UIView */,
				D962E35B192EED02003E1B06 /* UIViewTests */,
				D962E335192EED02003E1B06 /* Frameworks */,
				D962E334192EED02003E1B06 /* Products */,
			);
			sourceTree = "<group>";
		};
		D962E334192EED02003E1B06 /* Products */ = {
			isa = PBXGroup;
			children = (
				D962E333192EED02003E1B06 /* UIView.app */,
				D962E354192EED02003E1B06 /* UIViewTests.xctest */,
			);
			name = Products;
			sourceTree = "<group>";
		};
		D962E335192EED02003E1B06 /* Frameworks */ = {
			isa = PBXGroup;
			children = (
				D962E336192EED02003E1B06 /* Foundation.framework */,
				D962E338192EED02003E1B06 /* CoreGraphics.framework */,
				D962E33A192EED02003E1B06 /* UIKit.framework */,
				D962E355192EED02003E1B06 /* XCTest.framework */,
			);
			name = Frameworks;
			sourceTree = "<group>";
		};
		D962E33C192EED02003E1B06 /* UIView */ = {
			isa = PBXGroup;
			children = (
				D962E345192EED02003E1B06 /* ACAppDelegate.h */,
				D962E346192EED02003E1B06 /* ACAppDelegate.m */,
				D962E348192EED02003E1B06 /* Main.storyboard */,
				D962E34B192EED02003E1B06 /* ACViewController.h */,
				D962E34C192EED02003E1B06 /* ACViewController.m */,
				D9E7F2EA192FF5BF00C87862 /* ACBubbleView.h */,
				D9E7F2EB192FF5BF00C87862 /* ACBubbleView.m */,
				D962E34E192EED02003E1B06 /* Images.xcassets */,
				D962E33D192EED02003E1B06 /* Supporting Files */,
			);
			path = UIView;
			sourceTree = "<group>";
		};
		D962E33D192EED02003E1B06 /* Supporting Files */ = {
			isa = PBXGroup;
			children = (
				D962E33E192EED02003E1B06 /* UIView-Info.plist */,
				D962E33F192EED02003E1B06 /* InfoPlist.strings */,
				D962E342192EED02003E1B06 /* main.m */,
				D962E344192EED02003E1B06 /* UIView-Prefix.pch */,
			);
			name = "Supporting Files";
			sourceTree = "<group>";
		};
		D962E35B192EED02003E1B06 /* UIViewTests */ = {
			isa = PBXGroup;
			children = (
				D962E361192EED02003E1B06 /* UIViewTests.m */,
				D962E35C192EED02003E1B06 /* Supporting Files */,
			);
			path = UIViewTests;
			sourceTree = "<group>";
		};
		D962E35C192EED02003E1B06 /* Supporting Files */ = {
			isa = PBXGroup;
			children = (
				D962E35D192EED02003E1B06 /* UIViewTests-Info.plist */,
				D962E35E192EED02003E1B06 /* InfoPlist.strings */,
			);
			name = "Supporting Files";
			sourceTree = "<group>";
		};
/* End PBXGroup section */

/* Begin PBXNativeTarget section */
		D962E332192EED02003E1B06 /* UIView */ = {
			isa = PBXNativeTarget;
			buildConfigurationList = D962E365192EED02003E1B06 /* Build configuration list for PBXNativeTarget "UIView" */;
			buildPhases = (
				D962E32F192EED02003E1B06 /* Sources */,
				D962E330192EED02003E1B06 /* Frameworks */,
				D962E331192EED02003E1B06 /* Resources */,
			);
			buildRules = (
			);
			dependencies = (
			);
			name = UIView;
			productName = UIView;
			productReference = D962E333192EED02003E1B06 /* UIView.app */;
			productType = "com.apple.product-type.application";
		};
		D962E353192EED02003E1B06 /* UIViewTests */ = {
			isa = PBXNativeTarget;
			buildConfigurationList = D962E368192EED02003E1B06 /* Build configuration list for PBXNativeTarget "UIViewTests" */;
			buildPhases = (
				D962E350192EED02003E1B06 /* Sources */,
				D962E351192EED02003E1B06 /* Frameworks */,
				D962E352192EED02003E1B06 /* Resources */,
			);
			buildRules = (
			);
			dependencies = (
				D962E35A192EED02003E1B06 /* PBXTargetDependency */,
			);
			name = UIViewTests;
			productName = UIViewTests;
			productReference = D962E354192EED02003E1B06 /* UIViewTests.xctest */;
			productType = "com.apple.product-type.bundle.unit-test";
		};
/* End PBXNativeTarget section */

/* Begin PBXProject section */
		D962E32B192EED02003E1B06 /* Project object */ = {
			isa = PBXProject;
			attributes = {
				CLASSPREFIX = AC;
				LastUpgradeCheck = 0510;
				ORGANIZATIONNAME = "Austin Campbell";
				TargetAttributes = {
					D962E353192EED02003E1B06 = {
						TestTargetID = D962E332192EED02003E1B06;
					};
				};
			};
			buildConfigurationList = D962E32E192EED02003E1B06 /* Build configuration list for PBXProject "UIView" */;
			compatibilityVersion = "Xcode 3.2";
			developmentRegion = English;
			hasScannedForEncodings = 0;
			knownRegions = (
				en,
				Base,
			);
			mainGroup = D962E32A192EED02003E1B06;
			productRefGroup = D962E334192EED02003E1B06 /* Products */;
			projectDirPath = "";
			projectRoot = "";
			targets = (
				D962E332192EED02003E1B06 /* UIView */,
				D962E353192EED02003E1B06 /* UIViewTests */,
			);
		};
/* End PBXProject section */

/* Begin PBXResourcesBuildPhase section */
		D962E331192EED02003E1B06 /* Resources */ = {
			isa = PBXResourcesBuildPhase;
			buildActionMask = 2147483647;
			files = (
				D962E34F192EED02003E1B06 /* Images.xcassets in Resources */,
				D962E341192EED02003E1B06 /* InfoPlist.strings in Resources */,
				D962E34A192EED02003E1B06 /* Main.storyboard in Resources */,
			);
			runOnlyForDeploymentPostprocessing = 0;
		};
		D962E352192EED02003E1B06 /* Resources */ = {
			isa = PBXResourcesBuildPhase;
			buildActionMask = 2147483647;
			files = (
				D962E360192EED02003E1B06 /* InfoPlist.strings in Resources */,
			);
			runOnlyForDeploymentPostprocessing = 0;
		};
/* End PBXResourcesBuildPhase section */

/* Begin PBXSourcesBuildPhase section */
		D962E32F192EED02003E1B06 /* Sources */ = {
			isa = PBXSourcesBuildPhase;
			buildActionMask = 2147483647;
			files = (
				D9E7F2EC192FF5BF00C87862 /* ACBubbleView.m in Sources */,
				D962E347192EED02003E1B06 /* ACAppDelegate.m in Sources */,
				D962E34D192EED02003E1B06 /* ACViewController.m in Sources */,
				D962E343192EED02003E1B06 /* main.m in Sources */,
			);
			runOnlyForDeploymentPostprocessing = 0;
		};
		D962E350192EED02003E1B06 /* Sources */ = {
			isa = PBXSourcesBuildPhase;
			buildActionMask = 2147483647;
			files = (
				D962E362192EED02003E1B06 /* UIViewTests.m in Sources */,
			);
			runOnlyForDeploymentPostprocessing = 0;
		};
/* End PBXSourcesBuildPhase section */

/* Begin PBXTargetDependency section */
		D962E35A192EED02003E1B06 /* PBXTargetDependency */ = {
			isa = PBXTargetDependency;
			target = D962E332192EED02003E1B06 /* UIView */;
			targetProxy = D962E359192EED02003E1B06 /* PBXContainerItemProxy */;
		};
/* End PBXTargetDependency section */

/* Begin PBXVariantGroup section */
		D962E33F192EED02003E1B06 /* InfoPlist.strings */ = {
			isa = PBXVariantGroup;
			children = (
				D962E340192EED02003E1B06 /* en */,
			);
			name = InfoPlist.strings;
			sourceTree = "<group>";
		};
		D962E348192EED02003E1B06 /* Main.storyboard */ = {
			isa = PBXVariantGroup;
			children = (
				D962E349192EED02003E1B06 /* Base */,
			);
			name = Main.storyboard;
			sourceTree = "<group>";
		};
		D962E35E192EED02003E1B06 /* InfoPlist.strings */ = {
			isa = PBXVariantGroup;
			children = (
				D962E35F192EED02003E1B06 /* en */,
			);
			name = InfoPlist.strings;
			sourceTree = "<group>";
		};
/* End PBXVariantGroup section */

/* Begin XCBuildConfiguration section */
		D962E363192EED02003E1B06 /* Debug */ = {
			isa = XCBuildConfiguration;
			buildSettings = {
				ALWAYS_SEARCH_USER_PATHS = NO;
				CLANG_CXX_LANGUAGE_STANDARD = "gnu++0x";
				CLANG_CXX_LIBRARY = "libc++";
				CLANG_ENABLE_MODULES = YES;
				CLANG_ENABLE_OBJC_ARC = YES;
				CLANG_WARN_BOOL_CONVERSION = YES;
				CLANG_WARN_CONSTANT_CONVERSION = YES;
				CLANG_WARN_DIRECT_OBJC_ISA_USAGE = YES_ERROR;
				CLANG_WARN_EMPTY_BODY = YES;
				CLANG_WARN_ENUM_CONVERSION = YES;
				CLANG_WARN_INT_CONVERSION = YES;
				CLANG_WARN_OBJC_ROOT_CLASS = YES_ERROR;
				CLANG_WARN__DUPLICATE_METHOD_MATCH = YES;
				"CODE_SIGN_IDENTITY[sdk=iphoneos*]" = "iPhone Developer";
				COPY_PHASE_STRIP = NO;
				GCC_C_LANGUAGE_STANDARD = gnu99;
				GCC_DYNAMIC_NO_PIC = NO;
				GCC_OPTIMIZATION_LEVEL = 0;
				GCC_PREPROCESSOR_DEFINITIONS = (
					"DEBUG=1",
					"$(inherited)",
				);
				GCC_SYMBOLS_PRIVATE_EXTERN = NO;
				GCC_WARN_64_TO_32_BIT_CONVERSION = YES;
				GCC_WARN_ABOUT_RETURN_TYPE = YES_ERROR;
				GCC_WARN_UNDECLARED_SELECTOR = YES;
				GCC_WARN_UNINITIALIZED_AUTOS = YES_AGGRESSIVE;
				GCC_WARN_UNUSED_FUNCTION = YES;
				GCC_WARN_UNUSED_VARIABLE = YES;
				IPHONEOS_DEPLOYMENT_TARGET = 7.1;
				ONLY_ACTIVE_ARCH = YES;
				SDKROOT = iphoneos;
			};
			name = Debug;
		};
		D962E364192EED02003E1B06 /* Release */ = {
			isa = XCBuildConfiguration;
			buildSettings = {
				ALWAYS_SEARCH_USER_PATHS = NO;
				CLANG_CXX_LANGUAGE_STANDARD = "gnu++0x";
				CLANG_CXX_LIBRARY = "libc++";
				CLANG_ENABLE_MODULES = YES;
				CLANG_ENABLE_OBJC_ARC = YES;
				CLANG_WARN_BOOL_CONVERSION = YES;
				CLANG_WARN_CONSTANT_CONVERSION = YES;
				CLANG_WARN_DIRECT_OBJC_ISA_USAGE = YES_ERROR;
				CLANG_WARN_EMPTY_BODY = YES;
				CLANG_WARN_ENUM_CONVERSION = YES;
				CLANG_WARN_INT_CONVERSION = YES;
				CLANG_WARN_OBJC_ROOT_CLASS = YES_ERROR;
				CLANG_WARN__DUPLICATE_METHOD_MATCH = YES;
				"CODE_SIGN_IDENTITY[sdk=iphoneos*]" = "iPhone Developer";
				COPY_PHASE_STRIP = YES;
				ENABLE_NS_ASSERTIONS = NO;
				GCC_C_LANGUAGE_STANDARD = gnu99;
				GCC_WARN_64_TO_32_BIT_CONVERSION = YES;
				GCC_WARN_ABOUT_RETURN_TYPE = YES_ERROR;
				GCC_WARN_UNDECLARED_SELECTOR = YES;
				GCC_WARN_UNINITIALIZED_AUTOS = YES_AGGRESSIVE;
				GCC_WARN_UNUSED_FUNCTION = YES;
				GCC_WARN_UNUSED_VARIABLE = YES;
				IPHONEOS_DEPLOYMENT_TARGET = 7.1;
				SDKROOT = iphoneos;
				VALIDATE_PRODUCT = YES;
			};
			name = Release;
		};
		D962E366192EED02003E1B06 /* Debug */ = {
			isa = XCBuildConfiguration;
			buildSettings = {
				ASSETCATALOG_COMPILER_APPICON_NAME = AppIcon;
				ASSETCATALOG_COMPILER_LAUNCHIMAGE_NAME = LaunchImage;
				GCC_PRECOMPILE_PREFIX_HEADER = YES;
				GCC_PREFIX_HEADER = "UIView/UIView-Prefix.pch";
				INFOPLIST_FILE = "UIView/UIView-Info.plist";
				PRODUCT_NAME = "$(TARGET_NAME)";
				TARGETED_DEVICE_FAMILY = 1;
				WRAPPER_EXTENSION = app;
			};
			name = Debug;
		};
		D962E367192EED02003E1B06 /* Release */ = {
			isa = XCBuildConfiguration;
			buildSettings = {
				ASSETCATALOG_COMPILER_APPICON_NAME = AppIcon;
				ASSETCATALOG_COMPILER_LAUNCHIMAGE_NAME = LaunchImage;
				GCC_PRECOMPILE_PREFIX_HEADER = YES;
				GCC_PREFIX_HEADER = "UIView/UIView-Prefix.pch";
				INFOPLIST_FILE = "UIView/UIView-Info.plist";
				PRODUCT_NAME = "$(TARGET_NAME)";
				TARGETED_DEVICE_FAMILY = 1;
				WRAPPER_EXTENSION = app;
			};
			name = Release;
		};
		D962E369192EED02003E1B06 /* Debug */ = {
			isa = XCBuildConfiguration;
			buildSettings = {
				BUNDLE_LOADER = "$(BUILT_PRODUCTS_DIR)/UIView.app/UIView";
				FRAMEWORK_SEARCH_PATHS = (
					"$(SDKROOT)/Developer/Library/Frameworks",
					"$(inherited)",
					"$(DEVELOPER_FRAMEWORKS_DIR)",
				);
				GCC_PRECOMPILE_PREFIX_HEADER = YES;
				GCC_PREFIX_HEADER = "UIView/UIView-Prefix.pch";
				GCC_PREPROCESSOR_DEFINITIONS = (
					"DEBUG=1",
					"$(inherited)",
				);
				INFOPLIST_FILE = "UIViewTests/UIViewTests-Info.plist";
				PRODUCT_NAME = "$(TARGET_NAME)";
				TEST_HOST = "$(BUNDLE_LOADER)";
				WRAPPER_EXTENSION = xctest;
			};
			name = Debug;
		};
		D962E36A192EED02003E1B06 /* Release */ = {
			isa = XCBuildConfiguration;
			buildSettings = {
				BUNDLE_LOADER = "$(BUILT_PRODUCTS_DIR)/UIView.app/UIView";
				FRAMEWORK_SEARCH_PATHS = (
					"$(SDKROOT)/Developer/Library/Frameworks",
					"$(inherited)",
					"$(DEVELOPER_FRAMEWORKS_DIR)",
				);
				GCC_PRECOMPILE_PREFIX_HEADER = YES;
				GCC_PREFIX_HEADER = "UIView/UIView-Prefix.pch";
				INFOPLIST_FILE = "UIViewTests/UIViewTests-Info.plist";
				PRODUCT_NAME = "$(TARGET_NAME)";
				TEST_HOST = "$(BUNDLE_LOADER)";
				WRAPPER_EXTENSION = xctest;
			};
			name = Release;
		};
/* End XCBuildConfiguration section */

/* Begin XCConfigurationList section */
		D962E32E192EED02003E1B06 /* Build configuration list for PBXProject "UIView" */ = {
			isa = XCConfigurationList;
			buildConfigurations = (
				D962E363192EED02003E1B06 /* Debug */,
				D962E364192EED02003E1B06 /* Release */,
			);
			defaultConfigurationIsVisible = 0;
			defaultConfigurationName = Release;
		};
		D962E365192EED02003E1B06 /* Build configuration list for PBXNativeTarget "UIView" */ = {
			isa = XCConfigurationList;
			buildConfigurations = (
				D962E366192EED02003E1B06 /* Debug */,
				D962E367192EED02003E1B06 /* Release */,
			);
			defaultConfigurationIsVisible = 0;
			defaultConfigurationName = Release;
		};
		D962E368192EED02003E1B06 /* Build configuration list for PBXNativeTarget "UIViewTests" */ = {
			isa = XCConfigurationList;
			buildConfigurations = (
				D962E369192EED02003E1B06 /* Debug */,
				D962E36A192EED02003E1B06 /* Release */,
			);
			defaultConfigurationIsVisible = 0;
			defaultConfigurationName = Release;
		};
/* End XCConfigurationList section */
	};
	rootObject = D962E32B192EED02003E1B06 /* Project object */;
}
