// !$*UTF8*$!
{
	archiveVersion = 1;
	classes = {
	};
	objectVersion = 46;
	objects = {

/* Begin PBXBuildFile section */
		D9C80F5C192309E300199131 /* Foundation.framework in Frameworks */ = {isa = PBXBuildFile; fileRef = D9C80F5B192309E300199131 /* Foundation.framework */; };
		D9C80F5E192309E300199131 /* CoreGraphics.framework in Frameworks */ = {isa = PBXBuildFile; fileRef = D9C80F5D192309E300199131 /* CoreGraphics.framework */; };
		D9C80F60192309E300199131 /* UIKit.framework in Frameworks */ = {isa = PBXBuildFile; fileRef = D9C80F5F192309E300199131 /* UIKit.framework */; };
		D9C80F66192309E300199131 /* InfoPlist.strings in Resources */ = {isa = PBXBuildFile; fileRef = D9C80F64192309E300199131 /* InfoPlist.strings */; };
		D9C80F68192309E300199131 /* main.m in Sources */ = {isa = PBXBuildFile; fileRef = D9C80F67192309E300199131 /* main.m */; };
		D9C80F6C192309E300199131 /* AppDelegate.m in Sources */ = {isa = PBXBuildFile; fileRef = D9C80F6B192309E300199131 /* AppDelegate.m */; };
		D9C80F6F192309E300199131 /* Main.storyboard in Resources */ = {isa = PBXBuildFile; fileRef = D9C80F6D192309E300199131 /* Main.storyboard */; };
		D9C80F72192309E300199131 /* ViewController.m in Sources */ = {isa = PBXBuildFile; fileRef = D9C80F71192309E300199131 /* ViewController.m */; };
		D9C80F74192309E300199131 /* Images.xcassets in Resources */ = {isa = PBXBuildFile; fileRef = D9C80F73192309E300199131 /* Images.xcassets */; };
		D9C80F7B192309E300199131 /* XCTest.framework in Frameworks */ = {isa = PBXBuildFile; fileRef = D9C80F7A192309E300199131 /* XCTest.framework */; };
		D9C80F7C192309E300199131 /* Foundation.framework in Frameworks */ = {isa = PBXBuildFile; fileRef = D9C80F5B192309E300199131 /* Foundation.framework */; };
		D9C80F7D192309E300199131 /* UIKit.framework in Frameworks */ = {isa = PBXBuildFile; fileRef = D9C80F5F192309E300199131 /* UIKit.framework */; };
		D9C80F85192309E300199131 /* InfoPlist.strings in Resources */ = {isa = PBXBuildFile; fileRef = D9C80F83192309E300199131 /* InfoPlist.strings */; };
		D9C80F87192309E300199131 /* ProtocolsTests.m in Sources */ = {isa = PBXBuildFile; fileRef = D9C80F86192309E300199131 /* ProtocolsTests.m */; };
		D9C80F921923159F00199131 /* NSString+Capital.m in Sources */ = {isa = PBXBuildFile; fileRef = D9C80F911923159F00199131 /* NSString+Capital.m */; };
		D9C80F9519231B8100199131 /* NSString+replaceG.m in Sources */ = {isa = PBXBuildFile; fileRef = D9C80F9419231B8100199131 /* NSString+replaceG.m */; };
/* End PBXBuildFile section */

/* Begin PBXContainerItemProxy section */
		D9C80F7E192309E300199131 /* PBXContainerItemProxy */ = {
			isa = PBXContainerItemProxy;
			containerPortal = D9C80F50192309E300199131 /* Project object */;
			proxyType = 1;
			remoteGlobalIDString = D9C80F57192309E300199131;
			remoteInfo = Protocols;
		};
/* End PBXContainerItemProxy section */

/* Begin PBXFileReference section */
		D9C80F58192309E300199131 /* Protocols.app */ = {isa = PBXFileReference; explicitFileType = wrapper.application; includeInIndex = 0; path = Protocols.app; sourceTree = BUILT_PRODUCTS_DIR; };
		D9C80F5B192309E300199131 /* Foundation.framework */ = {isa = PBXFileReference; lastKnownFileType = wrapper.framework; name = Foundation.framework; path = System/Library/Frameworks/Foundation.framework; sourceTree = SDKROOT; };
		D9C80F5D192309E300199131 /* CoreGraphics.framework */ = {isa = PBXFileReference; lastKnownFileType = wrapper.framework; name = CoreGraphics.framework; path = System/Library/Frameworks/CoreGraphics.framework; sourceTree = SDKROOT; };
		D9C80F5F192309E300199131 /* UIKit.framework */ = {isa = PBXFileReference; lastKnownFileType = wrapper.framework; name = UIKit.framework; path = System/Library/Frameworks/UIKit.framework; sourceTree = SDKROOT; };
		D9C80F63192309E300199131 /* Protocols-Info.plist */ = {isa = PBXFileReference; lastKnownFileType = text.plist.xml; path = "Protocols-Info.plist"; sourceTree = "<group>"; };
		D9C80F65192309E300199131 /* en */ = {isa = PBXFileReference; lastKnownFileType = text.plist.strings; name = en; path = en.lproj/InfoPlist.strings; sourceTree = "<group>"; };
		D9C80F67192309E300199131 /* main.m */ = {isa = PBXFileReference; lastKnownFileType = sourcecode.c.objc; path = main.m; sourceTree = "<group>"; };
		D9C80F69192309E300199131 /* Protocols-Prefix.pch */ = {isa = PBXFileReference; lastKnownFileType = sourcecode.c.h; path = "Protocols-Prefix.pch"; sourceTree = "<group>"; };
		D9C80F6A192309E300199131 /* AppDelegate.h */ = {isa = PBXFileReference; lastKnownFileType = sourcecode.c.h; path = AppDelegate.h; sourceTree = "<group>"; };
		D9C80F6B192309E300199131 /* AppDelegate.m */ = {isa = PBXFileReference; lastKnownFileType = sourcecode.c.objc; path = AppDelegate.m; sourceTree = "<group>"; };
		D9C80F6E192309E300199131 /* Base */ = {isa = PBXFileReference; lastKnownFileType = file.storyboard; name = Base; path = Base.lproj/Main.storyboard; sourceTree = "<group>"; };
		D9C80F70192309E300199131 /* ViewController.h */ = {isa = PBXFileReference; lastKnownFileType = sourcecode.c.h; path = ViewController.h; sourceTree = "<group>"; };
		D9C80F71192309E300199131 /* ViewController.m */ = {isa = PBXFileReference; lastKnownFileType = sourcecode.c.objc; path = ViewController.m; sourceTree = "<group>"; };
		D9C80F73192309E300199131 /* Images.xcassets */ = {isa = PBXFileReference; lastKnownFileType = folder.assetcatalog; path = Images.xcassets; sourceTree = "<group>"; };
		D9C80F79192309E300199131 /* ProtocolsTests.xctest */ = {isa = PBXFileReference; explicitFileType = wrapper.cfbundle; includeInIndex = 0; path = ProtocolsTests.xctest; sourceTree = BUILT_PRODUCTS_DIR; };
		D9C80F7A192309E300199131 /* XCTest.framework */ = {isa = PBXFileReference; lastKnownFileType = wrapper.framework; name = XCTest.framework; path = Library/Frameworks/XCTest.framework; sourceTree = DEVELOPER_DIR; };
		D9C80F82192309E300199131 /* ProtocolsTests-Info.plist */ = {isa = PBXFileReference; lastKnownFileType = text.plist.xml; path = "ProtocolsTests-Info.plist"; sourceTree = "<group>"; };
		D9C80F84192309E300199131 /* en */ = {isa = PBXFileReference; lastKnownFileType = text.plist.strings; name = en; path = en.lproj/InfoPlist.strings; sourceTree = "<group>"; };
		D9C80F86192309E300199131 /* ProtocolsTests.m */ = {isa = PBXFileReference; lastKnownFileType = sourcecode.c.objc; path = ProtocolsTests.m; sourceTree = "<group>"; };
		D9C80F901923159F00199131 /* NSString+Capital.h */ = {isa = PBXFileReference; fileEncoding = 4; lastKnownFileType = sourcecode.c.h; path = "NSString+Capital.h"; sourceTree = "<group>"; };
		D9C80F911923159F00199131 /* NSString+Capital.m */ = {isa = PBXFileReference; fileEncoding = 4; lastKnownFileType = sourcecode.c.objc; path = "NSString+Capital.m"; sourceTree = "<group>"; };
		D9C80F9319231B8000199131 /* NSString+replaceG.h */ = {isa = PBXFileReference; fileEncoding = 4; lastKnownFileType = sourcecode.c.h; path = "NSString+replaceG.h"; sourceTree = "<group>"; };
		D9C80F9419231B8100199131 /* NSString+replaceG.m */ = {isa = PBXFileReference; fileEncoding = 4; lastKnownFileType = sourcecode.c.objc; path = "NSString+replaceG.m"; sourceTree = "<group>"; };
/* End PBXFileReference section */

/* Begin PBXFrameworksBuildPhase section */
		D9C80F55192309E300199131 /* Frameworks */ = {
			isa = PBXFrameworksBuildPhase;
			buildActionMask = 2147483647;
			files = (
				D9C80F5E192309E300199131 /* CoreGraphics.framework in Frameworks */,
				D9C80F60192309E300199131 /* UIKit.framework in Frameworks */,
				D9C80F5C192309E300199131 /* Foundation.framework in Frameworks */,
			);
			runOnlyForDeploymentPostprocessing = 0;
		};
		D9C80F76192309E300199131 /* Frameworks */ = {
			isa = PBXFrameworksBuildPhase;
			buildActionMask = 2147483647;
			files = (
				D9C80F7B192309E300199131 /* XCTest.framework in Frameworks */,
				D9C80F7D192309E300199131 /* UIKit.framework in Frameworks */,
				D9C80F7C192309E300199131 /* Foundation.framework in Frameworks */,
			);
			runOnlyForDeploymentPostprocessing = 0;
		};
/* End PBXFrameworksBuildPhase section */

/* Begin PBXGroup section */
		D9C80F4F192309E300199131 = {
			isa = PBXGroup;
			children = (
				D9C80F61192309E300199131 /* Protocols */,
				D9C80F80192309E300199131 /* ProtocolsTests */,
				D9C80F5A192309E300199131 /* Frameworks */,
				D9C80F59192309E300199131 /* Products */,
			);
			sourceTree = "<group>";
		};
		D9C80F59192309E300199131 /* Products */ = {
			isa = PBXGroup;
			children = (
				D9C80F58192309E300199131 /* Protocols.app */,
				D9C80F79192309E300199131 /* ProtocolsTests.xctest */,
			);
			name = Products;
			sourceTree = "<group>";
		};
		D9C80F5A192309E300199131 /* Frameworks */ = {
			isa = PBXGroup;
			children = (
				D9C80F5B192309E300199131 /* Foundation.framework */,
				D9C80F5D192309E300199131 /* CoreGraphics.framework */,
				D9C80F5F192309E300199131 /* UIKit.framework */,
				D9C80F7A192309E300199131 /* XCTest.framework */,
			);
			name = Frameworks;
			sourceTree = "<group>";
		};
		D9C80F61192309E300199131 /* Protocols */ = {
			isa = PBXGroup;
			children = (
				D9C80F6A192309E300199131 /* AppDelegate.h */,
				D9C80F6B192309E300199131 /* AppDelegate.m */,
				D9C80F6D192309E300199131 /* Main.storyboard */,
				D9C80F70192309E300199131 /* ViewController.h */,
				D9C80F71192309E300199131 /* ViewController.m */,
				D9C80F901923159F00199131 /* NSString+Capital.h */,
				D9C80F911923159F00199131 /* NSString+Capital.m */,
				D9C80F9319231B8000199131 /* NSString+replaceG.h */,
				D9C80F9419231B8100199131 /* NSString+replaceG.m */,
				D9C80F73192309E300199131 /* Images.xcassets */,
				D9C80F62192309E300199131 /* Supporting Files */,
			);
			path = Protocols;
			sourceTree = "<group>";
		};
		D9C80F62192309E300199131 /* Supporting Files */ = {
			isa = PBXGroup;
			children = (
				D9C80F63192309E300199131 /* Protocols-Info.plist */,
				D9C80F64192309E300199131 /* InfoPlist.strings */,
				D9C80F67192309E300199131 /* main.m */,
				D9C80F69192309E300199131 /* Protocols-Prefix.pch */,
			);
			name = "Supporting Files";
			sourceTree = "<group>";
		};
		D9C80F80192309E300199131 /* ProtocolsTests */ = {
			isa = PBXGroup;
			children = (
				D9C80F86192309E300199131 /* ProtocolsTests.m */,
				D9C80F81192309E300199131 /* Supporting Files */,
			);
			path = ProtocolsTests;
			sourceTree = "<group>";
		};
		D9C80F81192309E300199131 /* Supporting Files */ = {
			isa = PBXGroup;
			children = (
				D9C80F82192309E300199131 /* ProtocolsTests-Info.plist */,
				D9C80F83192309E300199131 /* InfoPlist.strings */,
			);
			name = "Supporting Files";
			sourceTree = "<group>";
		};
/* End PBXGroup section */

/* Begin PBXNativeTarget section */
		D9C80F57192309E300199131 /* Protocols */ = {
			isa = PBXNativeTarget;
			buildConfigurationList = D9C80F8A192309E300199131 /* Build configuration list for PBXNativeTarget "Protocols" */;
			buildPhases = (
				D9C80F54192309E300199131 /* Sources */,
				D9C80F55192309E300199131 /* Frameworks */,
				D9C80F56192309E300199131 /* Resources */,
			);
			buildRules = (
			);
			dependencies = (
			);
			name = Protocols;
			productName = Protocols;
			productReference = D9C80F58192309E300199131 /* Protocols.app */;
			productType = "com.apple.product-type.application";
		};
		D9C80F78192309E300199131 /* ProtocolsTests */ = {
			isa = PBXNativeTarget;
			buildConfigurationList = D9C80F8D192309E300199131 /* Build configuration list for PBXNativeTarget "ProtocolsTests" */;
			buildPhases = (
				D9C80F75192309E300199131 /* Sources */,
				D9C80F76192309E300199131 /* Frameworks */,
				D9C80F77192309E300199131 /* Resources */,
			);
			buildRules = (
			);
			dependencies = (
				D9C80F7F192309E300199131 /* PBXTargetDependency */,
			);
			name = ProtocolsTests;
			productName = ProtocolsTests;
			productReference = D9C80F79192309E300199131 /* ProtocolsTests.xctest */;
			productType = "com.apple.product-type.bundle.unit-test";
		};
/* End PBXNativeTarget section */

/* Begin PBXProject section */
		D9C80F50192309E300199131 /* Project object */ = {
			isa = PBXProject;
			attributes = {
				LastUpgradeCheck = 0510;
				ORGANIZATIONNAME = "Code Follows";
				TargetAttributes = {
					D9C80F78192309E300199131 = {
						TestTargetID = D9C80F57192309E300199131;
					};
				};
			};
			buildConfigurationList = D9C80F53192309E300199131 /* Build configuration list for PBXProject "Protocols" */;
			compatibilityVersion = "Xcode 3.2";
			developmentRegion = English;
			hasScannedForEncodings = 0;
			knownRegions = (
				en,
				Base,
			);
			mainGroup = D9C80F4F192309E300199131;
			productRefGroup = D9C80F59192309E300199131 /* Products */;
			projectDirPath = "";
			projectRoot = "";
			targets = (
				D9C80F57192309E300199131 /* Protocols */,
				D9C80F78192309E300199131 /* ProtocolsTests */,
			);
		};
/* End PBXProject section */

/* Begin PBXResourcesBuildPhase section */
		D9C80F56192309E300199131 /* Resources */ = {
			isa = PBXResourcesBuildPhase;
			buildActionMask = 2147483647;
			files = (
				D9C80F74192309E300199131 /* Images.xcassets in Resources */,
				D9C80F66192309E300199131 /* InfoPlist.strings in Resources */,
				D9C80F6F192309E300199131 /* Main.storyboard in Resources */,
			);
			runOnlyForDeploymentPostprocessing = 0;
		};
		D9C80F77192309E300199131 /* Resources */ = {
			isa = PBXResourcesBuildPhase;
			buildActionMask = 2147483647;
			files = (
				D9C80F85192309E300199131 /* InfoPlist.strings in Resources */,
			);
			runOnlyForDeploymentPostprocessing = 0;
		};
/* End PBXResourcesBuildPhase section */

/* Begin PBXSourcesBuildPhase section */
		D9C80F54192309E300199131 /* Sources */ = {
			isa = PBXSourcesBuildPhase;
			buildActionMask = 2147483647;
			files = (
				D9C80F72192309E300199131 /* ViewController.m in Sources */,
				D9C80F6C192309E300199131 /* AppDelegate.m in Sources */,
				D9C80F9519231B8100199131 /* NSString+replaceG.m in Sources */,
				D9C80F921923159F00199131 /* NSString+Capital.m in Sources */,
				D9C80F68192309E300199131 /* main.m in Sources */,
			);
			runOnlyForDeploymentPostprocessing = 0;
		};
		D9C80F75192309E300199131 /* Sources */ = {
			isa = PBXSourcesBuildPhase;
			buildActionMask = 2147483647;
			files = (
				D9C80F87192309E300199131 /* ProtocolsTests.m in Sources */,
			);
			runOnlyForDeploymentPostprocessing = 0;
		};
/* End PBXSourcesBuildPhase section */

/* Begin PBXTargetDependency section */
		D9C80F7F192309E300199131 /* PBXTargetDependency */ = {
			isa = PBXTargetDependency;
			target = D9C80F57192309E300199131 /* Protocols */;
			targetProxy = D9C80F7E192309E300199131 /* PBXContainerItemProxy */;
		};
/* End PBXTargetDependency section */

/* Begin PBXVariantGroup section */
		D9C80F64192309E300199131 /* InfoPlist.strings */ = {
			isa = PBXVariantGroup;
			children = (
				D9C80F65192309E300199131 /* en */,
			);
			name = InfoPlist.strings;
			sourceTree = "<group>";
		};
		D9C80F6D192309E300199131 /* Main.storyboard */ = {
			isa = PBXVariantGroup;
			children = (
				D9C80F6E192309E300199131 /* Base */,
			);
			name = Main.storyboard;
			sourceTree = "<group>";
		};
		D9C80F83192309E300199131 /* InfoPlist.strings */ = {
			isa = PBXVariantGroup;
			children = (
				D9C80F84192309E300199131 /* en */,
			);
			name = InfoPlist.strings;
			sourceTree = "<group>";
		};
/* End PBXVariantGroup section */

/* Begin XCBuildConfiguration section */
		D9C80F88192309E300199131 /* Debug */ = {
			isa = XCBuildConfiguration;
			buildSettings = {
				ALWAYS_SEARCH_USER_PATHS = NO;
				CLANG_CXX_LANGUAGE_STANDARD = "gnu++0x";
				CLANG_CXX_LIBRARY = "libc++";
				CLANG_ENABLE_MODULES = YES;
				CLANG_ENABLE_OBJC_ARC = YES;
				CLANG_WARN_BOOL_CONVERSION = YES;
				CLANG_WARN_CONSTANT_CONVERSION = YES;
				CLANG_WARN_DIRECT_OBJC_ISA_USAGE = YES_ERROR;
				CLANG_WARN_EMPTY_BODY = YES;
				CLANG_WARN_ENUM_CONVERSION = YES;
				CLANG_WARN_INT_CONVERSION = YES;
				CLANG_WARN_OBJC_ROOT_CLASS = YES_ERROR;
				CLANG_WARN__DUPLICATE_METHOD_MATCH = YES;
				"CODE_SIGN_IDENTITY[sdk=iphoneos*]" = "iPhone Developer";
				COPY_PHASE_STRIP = NO;
				GCC_C_LANGUAGE_STANDARD = gnu99;
				GCC_DYNAMIC_NO_PIC = NO;
				GCC_OPTIMIZATION_LEVEL = 0;
				GCC_PREPROCESSOR_DEFINITIONS = (
					"DEBUG=1",
					"$(inherited)",
				);
				GCC_SYMBOLS_PRIVATE_EXTERN = NO;
				GCC_WARN_64_TO_32_BIT_CONVERSION = YES;
				GCC_WARN_ABOUT_RETURN_TYPE = YES_ERROR;
				GCC_WARN_UNDECLARED_SELECTOR = YES;
				GCC_WARN_UNINITIALIZED_AUTOS = YES_AGGRESSIVE;
				GCC_WARN_UNUSED_FUNCTION = YES;
				GCC_WARN_UNUSED_VARIABLE = YES;
				IPHONEOS_DEPLOYMENT_TARGET = 7.1;
				ONLY_ACTIVE_ARCH = YES;
				SDKROOT = iphoneos;
			};
			name = Debug;
		};
		D9C80F89192309E300199131 /* Release */ = {
			isa = XCBuildConfiguration;
			buildSettings = {
				ALWAYS_SEARCH_USER_PATHS = NO;
				CLANG_CXX_LANGUAGE_STANDARD = "gnu++0x";
				CLANG_CXX_LIBRARY = "libc++";
				CLANG_ENABLE_MODULES = YES;
				CLANG_ENABLE_OBJC_ARC = YES;
				CLANG_WARN_BOOL_CONVERSION = YES;
				CLANG_WARN_CONSTANT_CONVERSION = YES;
				CLANG_WARN_DIRECT_OBJC_ISA_USAGE = YES_ERROR;
				CLANG_WARN_EMPTY_BODY = YES;
				CLANG_WARN_ENUM_CONVERSION = YES;
				CLANG_WARN_INT_CONVERSION = YES;
				CLANG_WARN_OBJC_ROOT_CLASS = YES_ERROR;
				CLANG_WARN__DUPLICATE_METHOD_MATCH = YES;
				"CODE_SIGN_IDENTITY[sdk=iphoneos*]" = "iPhone Developer";
				COPY_PHASE_STRIP = YES;
				ENABLE_NS_ASSERTIONS = NO;
				GCC_C_LANGUAGE_STANDARD = gnu99;
				GCC_WARN_64_TO_32_BIT_CONVERSION = YES;
				GCC_WARN_ABOUT_RETURN_TYPE = YES_ERROR;
				GCC_WARN_UNDECLARED_SELECTOR = YES;
				GCC_WARN_UNINITIALIZED_AUTOS = YES_AGGRESSIVE;
				GCC_WARN_UNUSED_FUNCTION = YES;
				GCC_WARN_UNUSED_VARIABLE = YES;
				IPHONEOS_DEPLOYMENT_TARGET = 7.1;
				SDKROOT = iphoneos;
				VALIDATE_PRODUCT = YES;
			};
			name = Release;
		};
		D9C80F8B192309E300199131 /* Debug */ = {
			isa = XCBuildConfiguration;
			buildSettings = {
				ASSETCATALOG_COMPILER_APPICON_NAME = AppIcon;
				ASSETCATALOG_COMPILER_LAUNCHIMAGE_NAME = LaunchImage;
				GCC_PRECOMPILE_PREFIX_HEADER = YES;
				GCC_PREFIX_HEADER = "Protocols/Protocols-Prefix.pch";
				INFOPLIST_FILE = "Protocols/Protocols-Info.plist";
				PRODUCT_NAME = "$(TARGET_NAME)";
				WRAPPER_EXTENSION = app;
			};
			name = Debug;
		};
		D9C80F8C192309E300199131 /* Release */ = {
			isa = XCBuildConfiguration;
			buildSettings = {
				ASSETCATALOG_COMPILER_APPICON_NAME = AppIcon;
				ASSETCATALOG_COMPILER_LAUNCHIMAGE_NAME = LaunchImage;
				GCC_PRECOMPILE_PREFIX_HEADER = YES;
				GCC_PREFIX_HEADER = "Protocols/Protocols-Prefix.pch";
				INFOPLIST_FILE = "Protocols/Protocols-Info.plist";
				PRODUCT_NAME = "$(TARGET_NAME)";
				WRAPPER_EXTENSION = app;
			};
			name = Release;
		};
		D9C80F8E192309E300199131 /* Debug */ = {
			isa = XCBuildConfiguration;
			buildSettings = {
				BUNDLE_LOADER = "$(BUILT_PRODUCTS_DIR)/Protocols.app/Protocols";
				FRAMEWORK_SEARCH_PATHS = (
					"$(SDKROOT)/Developer/Library/Frameworks",
					"$(inherited)",
					"$(DEVELOPER_FRAMEWORKS_DIR)",
				);
				GCC_PRECOMPILE_PREFIX_HEADER = YES;
				GCC_PREFIX_HEADER = "Protocols/Protocols-Prefix.pch";
				GCC_PREPROCESSOR_DEFINITIONS = (
					"DEBUG=1",
					"$(inherited)",
				);
				INFOPLIST_FILE = "ProtocolsTests/ProtocolsTests-Info.plist";
				PRODUCT_NAME = "$(TARGET_NAME)";
				TEST_HOST = "$(BUNDLE_LOADER)";
				WRAPPER_EXTENSION = xctest;
			};
			name = Debug;
		};
		D9C80F8F192309E300199131 /* Release */ = {
			isa = XCBuildConfiguration;
			buildSettings = {
				BUNDLE_LOADER = "$(BUILT_PRODUCTS_DIR)/Protocols.app/Protocols";
				FRAMEWORK_SEARCH_PATHS = (
					"$(SDKROOT)/Developer/Library/Frameworks",
					"$(inherited)",
					"$(DEVELOPER_FRAMEWORKS_DIR)",
				);
				GCC_PRECOMPILE_PREFIX_HEADER = YES;
				GCC_PREFIX_HEADER = "Protocols/Protocols-Prefix.pch";
				INFOPLIST_FILE = "ProtocolsTests/ProtocolsTests-Info.plist";
				PRODUCT_NAME = "$(TARGET_NAME)";
				TEST_HOST = "$(BUNDLE_LOADER)";
				WRAPPER_EXTENSION = xctest;
			};
			name = Release;
		};
/* End XCBuildConfiguration section */

/* Begin XCConfigurationList section */
		D9C80F53192309E300199131 /* Build configuration list for PBXProject "Protocols" */ = {
			isa = XCConfigurationList;
			buildConfigurations = (
				D9C80F88192309E300199131 /* Debug */,
				D9C80F89192309E300199131 /* Release */,
			);
			defaultConfigurationIsVisible = 0;
			defaultConfigurationName = Release;
		};
		D9C80F8A192309E300199131 /* Build configuration list for PBXNativeTarget "Protocols" */ = {
			isa = XCConfigurationList;
			buildConfigurations = (
				D9C80F8B192309E300199131 /* Debug */,
				D9C80F8C192309E300199131 /* Release */,
			);
			defaultConfigurationIsVisible = 0;
		};
		D9C80F8D192309E300199131 /* Build configuration list for PBXNativeTarget "ProtocolsTests" */ = {
			isa = XCConfigurationList;
			buildConfigurations = (
				D9C80F8E192309E300199131 /* Debug */,
				D9C80F8F192309E300199131 /* Release */,
			);
			defaultConfigurationIsVisible = 0;
		};
/* End XCConfigurationList section */
	};
	rootObject = D9C80F50192309E300199131 /* Project object */;
}
