// !$*UTF8*$!
{
	archiveVersion = 1;
	classes = {
	};
	objectVersion = 46;
	objects = {

/* Begin PBXBuildFile section */
		D9118B451922FD0A00EDECFC /* Foundation.framework in Frameworks */ = {isa = PBXBuildFile; fileRef = D9118B441922FD0A00EDECFC /* Foundation.framework */; };
		D9118B471922FD0A00EDECFC /* CoreGraphics.framework in Frameworks */ = {isa = PBXBuildFile; fileRef = D9118B461922FD0A00EDECFC /* CoreGraphics.framework */; };
		D9118B491922FD0A00EDECFC /* UIKit.framework in Frameworks */ = {isa = PBXBuildFile; fileRef = D9118B481922FD0A00EDECFC /* UIKit.framework */; };
		D9118B4F1922FD0A00EDECFC /* InfoPlist.strings in Resources */ = {isa = PBXBuildFile; fileRef = D9118B4D1922FD0A00EDECFC /* InfoPlist.strings */; };
		D9118B511922FD0A00EDECFC /* main.m in Sources */ = {isa = PBXBuildFile; fileRef = D9118B501922FD0A00EDECFC /* main.m */; };
		D9118B551922FD0A00EDECFC /* AppDelegate.m in Sources */ = {isa = PBXBuildFile; fileRef = D9118B541922FD0A00EDECFC /* AppDelegate.m */; };
		D9118B581922FD0A00EDECFC /* Main.storyboard in Resources */ = {isa = PBXBuildFile; fileRef = D9118B561922FD0A00EDECFC /* Main.storyboard */; };
		D9118B5B1922FD0A00EDECFC /* ViewController.m in Sources */ = {isa = PBXBuildFile; fileRef = D9118B5A1922FD0A00EDECFC /* ViewController.m */; };
		D9118B5D1922FD0A00EDECFC /* Images.xcassets in Resources */ = {isa = PBXBuildFile; fileRef = D9118B5C1922FD0A00EDECFC /* Images.xcassets */; };
		D9118B641922FD0A00EDECFC /* XCTest.framework in Frameworks */ = {isa = PBXBuildFile; fileRef = D9118B631922FD0A00EDECFC /* XCTest.framework */; };
		D9118B651922FD0A00EDECFC /* Foundation.framework in Frameworks */ = {isa = PBXBuildFile; fileRef = D9118B441922FD0A00EDECFC /* Foundation.framework */; };
		D9118B661922FD0A00EDECFC /* UIKit.framework in Frameworks */ = {isa = PBXBuildFile; fileRef = D9118B481922FD0A00EDECFC /* UIKit.framework */; };
		D9118B6E1922FD0B00EDECFC /* InfoPlist.strings in Resources */ = {isa = PBXBuildFile; fileRef = D9118B6C1922FD0B00EDECFC /* InfoPlist.strings */; };
		D9118B701922FD0B00EDECFC /* BlogAppTests.m in Sources */ = {isa = PBXBuildFile; fileRef = D9118B6F1922FD0B00EDECFC /* BlogAppTests.m */; };
/* End PBXBuildFile section */

/* Begin PBXContainerItemProxy section */
		D9118B671922FD0A00EDECFC /* PBXContainerItemProxy */ = {
			isa = PBXContainerItemProxy;
			containerPortal = D9118B391922FD0A00EDECFC /* Project object */;
			proxyType = 1;
			remoteGlobalIDString = D9118B401922FD0A00EDECFC;
			remoteInfo = BlogApp;
		};
/* End PBXContainerItemProxy section */

/* Begin PBXFileReference section */
		D9118B411922FD0A00EDECFC /* BlogApp.app */ = {isa = PBXFileReference; explicitFileType = wrapper.application; includeInIndex = 0; path = BlogApp.app; sourceTree = BUILT_PRODUCTS_DIR; };
		D9118B441922FD0A00EDECFC /* Foundation.framework */ = {isa = PBXFileReference; lastKnownFileType = wrapper.framework; name = Foundation.framework; path = System/Library/Frameworks/Foundation.framework; sourceTree = SDKROOT; };
		D9118B461922FD0A00EDECFC /* CoreGraphics.framework */ = {isa = PBXFileReference; lastKnownFileType = wrapper.framework; name = CoreGraphics.framework; path = System/Library/Frameworks/CoreGraphics.framework; sourceTree = SDKROOT; };
		D9118B481922FD0A00EDECFC /* UIKit.framework */ = {isa = PBXFileReference; lastKnownFileType = wrapper.framework; name = UIKit.framework; path = System/Library/Frameworks/UIKit.framework; sourceTree = SDKROOT; };
		D9118B4C1922FD0A00EDECFC /* BlogApp-Info.plist */ = {isa = PBXFileReference; lastKnownFileType = text.plist.xml; path = "BlogApp-Info.plist"; sourceTree = "<group>"; };
		D9118B4E1922FD0A00EDECFC /* en */ = {isa = PBXFileReference; lastKnownFileType = text.plist.strings; name = en; path = en.lproj/InfoPlist.strings; sourceTree = "<group>"; };
		D9118B501922FD0A00EDECFC /* main.m */ = {isa = PBXFileReference; lastKnownFileType = sourcecode.c.objc; path = main.m; sourceTree = "<group>"; };
		D9118B521922FD0A00EDECFC /* BlogApp-Prefix.pch */ = {isa = PBXFileReference; lastKnownFileType = sourcecode.c.h; path = "BlogApp-Prefix.pch"; sourceTree = "<group>"; };
		D9118B531922FD0A00EDECFC /* AppDelegate.h */ = {isa = PBXFileReference; lastKnownFileType = sourcecode.c.h; path = AppDelegate.h; sourceTree = "<group>"; };
		D9118B541922FD0A00EDECFC /* AppDelegate.m */ = {isa = PBXFileReference; lastKnownFileType = sourcecode.c.objc; path = AppDelegate.m; sourceTree = "<group>"; };
		D9118B571922FD0A00EDECFC /* Base */ = {isa = PBXFileReference; lastKnownFileType = file.storyboard; name = Base; path = Base.lproj/Main.storyboard; sourceTree = "<group>"; };
		D9118B591922FD0A00EDECFC /* ViewController.h */ = {isa = PBXFileReference; lastKnownFileType = sourcecode.c.h; path = ViewController.h; sourceTree = "<group>"; };
		D9118B5A1922FD0A00EDECFC /* ViewController.m */ = {isa = PBXFileReference; lastKnownFileType = sourcecode.c.objc; path = ViewController.m; sourceTree = "<group>"; };
		D9118B5C1922FD0A00EDECFC /* Images.xcassets */ = {isa = PBXFileReference; lastKnownFileType = folder.assetcatalog; path = Images.xcassets; sourceTree = "<group>"; };
		D9118B621922FD0A00EDECFC /* BlogAppTests.xctest */ = {isa = PBXFileReference; explicitFileType = wrapper.cfbundle; includeInIndex = 0; path = BlogAppTests.xctest; sourceTree = BUILT_PRODUCTS_DIR; };
		D9118B631922FD0A00EDECFC /* XCTest.framework */ = {isa = PBXFileReference; lastKnownFileType = wrapper.framework; name = XCTest.framework; path = Library/Frameworks/XCTest.framework; sourceTree = DEVELOPER_DIR; };
		D9118B6B1922FD0B00EDECFC /* BlogAppTests-Info.plist */ = {isa = PBXFileReference; lastKnownFileType = text.plist.xml; path = "BlogAppTests-Info.plist"; sourceTree = "<group>"; };
		D9118B6D1922FD0B00EDECFC /* en */ = {isa = PBXFileReference; lastKnownFileType = text.plist.strings; name = en; path = en.lproj/InfoPlist.strings; sourceTree = "<group>"; };
		D9118B6F1922FD0B00EDECFC /* BlogAppTests.m */ = {isa = PBXFileReference; lastKnownFileType = sourcecode.c.objc; path = BlogAppTests.m; sourceTree = "<group>"; };
/* End PBXFileReference section */

/* Begin PBXFrameworksBuildPhase section */
		D9118B3E1922FD0A00EDECFC /* Frameworks */ = {
			isa = PBXFrameworksBuildPhase;
			buildActionMask = 2147483647;
			files = (
				D9118B471922FD0A00EDECFC /* CoreGraphics.framework in Frameworks */,
				D9118B491922FD0A00EDECFC /* UIKit.framework in Frameworks */,
				D9118B451922FD0A00EDECFC /* Foundation.framework in Frameworks */,
			);
			runOnlyForDeploymentPostprocessing = 0;
		};
		D9118B5F1922FD0A00EDECFC /* Frameworks */ = {
			isa = PBXFrameworksBuildPhase;
			buildActionMask = 2147483647;
			files = (
				D9118B641922FD0A00EDECFC /* XCTest.framework in Frameworks */,
				D9118B661922FD0A00EDECFC /* UIKit.framework in Frameworks */,
				D9118B651922FD0A00EDECFC /* Foundation.framework in Frameworks */,
			);
			runOnlyForDeploymentPostprocessing = 0;
		};
/* End PBXFrameworksBuildPhase section */

/* Begin PBXGroup section */
		D9118B381922FD0A00EDECFC = {
			isa = PBXGroup;
			children = (
				D9118B4A1922FD0A00EDECFC /* BlogApp */,
				D9118B691922FD0A00EDECFC /* BlogAppTests */,
				D9118B431922FD0A00EDECFC /* Frameworks */,
				D9118B421922FD0A00EDECFC /* Products */,
			);
			sourceTree = "<group>";
		};
		D9118B421922FD0A00EDECFC /* Products */ = {
			isa = PBXGroup;
			children = (
				D9118B411922FD0A00EDECFC /* BlogApp.app */,
				D9118B621922FD0A00EDECFC /* BlogAppTests.xctest */,
			);
			name = Products;
			sourceTree = "<group>";
		};
		D9118B431922FD0A00EDECFC /* Frameworks */ = {
			isa = PBXGroup;
			children = (
				D9118B441922FD0A00EDECFC /* Foundation.framework */,
				D9118B461922FD0A00EDECFC /* CoreGraphics.framework */,
				D9118B481922FD0A00EDECFC /* UIKit.framework */,
				D9118B631922FD0A00EDECFC /* XCTest.framework */,
			);
			name = Frameworks;
			sourceTree = "<group>";
		};
		D9118B4A1922FD0A00EDECFC /* BlogApp */ = {
			isa = PBXGroup;
			children = (
				D9118B531922FD0A00EDECFC /* AppDelegate.h */,
				D9118B541922FD0A00EDECFC /* AppDelegate.m */,
				D9118B561922FD0A00EDECFC /* Main.storyboard */,
				D9118B591922FD0A00EDECFC /* ViewController.h */,
				D9118B5A1922FD0A00EDECFC /* ViewController.m */,
				D9118B5C1922FD0A00EDECFC /* Images.xcassets */,
				D9118B4B1922FD0A00EDECFC /* Supporting Files */,
			);
			path = BlogApp;
			sourceTree = "<group>";
		};
		D9118B4B1922FD0A00EDECFC /* Supporting Files */ = {
			isa = PBXGroup;
			children = (
				D9118B4C1922FD0A00EDECFC /* BlogApp-Info.plist */,
				D9118B4D1922FD0A00EDECFC /* InfoPlist.strings */,
				D9118B501922FD0A00EDECFC /* main.m */,
				D9118B521922FD0A00EDECFC /* BlogApp-Prefix.pch */,
			);
			name = "Supporting Files";
			sourceTree = "<group>";
		};
		D9118B691922FD0A00EDECFC /* BlogAppTests */ = {
			isa = PBXGroup;
			children = (
				D9118B6F1922FD0B00EDECFC /* BlogAppTests.m */,
				D9118B6A1922FD0B00EDECFC /* Supporting Files */,
			);
			path = BlogAppTests;
			sourceTree = "<group>";
		};
		D9118B6A1922FD0B00EDECFC /* Supporting Files */ = {
			isa = PBXGroup;
			children = (
				D9118B6B1922FD0B00EDECFC /* BlogAppTests-Info.plist */,
				D9118B6C1922FD0B00EDECFC /* InfoPlist.strings */,
			);
			name = "Supporting Files";
			sourceTree = "<group>";
		};
/* End PBXGroup section */

/* Begin PBXNativeTarget section */
		D9118B401922FD0A00EDECFC /* BlogApp */ = {
			isa = PBXNativeTarget;
			buildConfigurationList = D9118B731922FD0B00EDECFC /* Build configuration list for PBXNativeTarget "BlogApp" */;
			buildPhases = (
				D9118B3D1922FD0A00EDECFC /* Sources */,
				D9118B3E1922FD0A00EDECFC /* Frameworks */,
				D9118B3F1922FD0A00EDECFC /* Resources */,
			);
			buildRules = (
			);
			dependencies = (
			);
			name = BlogApp;
			productName = BlogApp;
			productReference = D9118B411922FD0A00EDECFC /* BlogApp.app */;
			productType = "com.apple.product-type.application";
		};
		D9118B611922FD0A00EDECFC /* BlogAppTests */ = {
			isa = PBXNativeTarget;
			buildConfigurationList = D9118B761922FD0B00EDECFC /* Build configuration list for PBXNativeTarget "BlogAppTests" */;
			buildPhases = (
				D9118B5E1922FD0A00EDECFC /* Sources */,
				D9118B5F1922FD0A00EDECFC /* Frameworks */,
				D9118B601922FD0A00EDECFC /* Resources */,
			);
			buildRules = (
			);
			dependencies = (
				D9118B681922FD0A00EDECFC /* PBXTargetDependency */,
			);
			name = BlogAppTests;
			productName = BlogAppTests;
			productReference = D9118B621922FD0A00EDECFC /* BlogAppTests.xctest */;
			productType = "com.apple.product-type.bundle.unit-test";
		};
/* End PBXNativeTarget section */

/* Begin PBXProject section */
		D9118B391922FD0A00EDECFC /* Project object */ = {
			isa = PBXProject;
			attributes = {
				LastUpgradeCheck = 0510;
				ORGANIZATIONNAME = "Code Follows";
				TargetAttributes = {
					D9118B611922FD0A00EDECFC = {
						TestTargetID = D9118B401922FD0A00EDECFC;
					};
				};
			};
			buildConfigurationList = D9118B3C1922FD0A00EDECFC /* Build configuration list for PBXProject "BlogApp" */;
			compatibilityVersion = "Xcode 3.2";
			developmentRegion = English;
			hasScannedForEncodings = 0;
			knownRegions = (
				en,
				Base,
			);
			mainGroup = D9118B381922FD0A00EDECFC;
			productRefGroup = D9118B421922FD0A00EDECFC /* Products */;
			projectDirPath = "";
			projectRoot = "";
			targets = (
				D9118B401922FD0A00EDECFC /* BlogApp */,
				D9118B611922FD0A00EDECFC /* BlogAppTests */,
			);
		};
/* End PBXProject section */

/* Begin PBXResourcesBuildPhase section */
		D9118B3F1922FD0A00EDECFC /* Resources */ = {
			isa = PBXResourcesBuildPhase;
			buildActionMask = 2147483647;
			files = (
				D9118B5D1922FD0A00EDECFC /* Images.xcassets in Resources */,
				D9118B4F1922FD0A00EDECFC /* InfoPlist.strings in Resources */,
				D9118B581922FD0A00EDECFC /* Main.storyboard in Resources */,
			);
			runOnlyForDeploymentPostprocessing = 0;
		};
		D9118B601922FD0A00EDECFC /* Resources */ = {
			isa = PBXResourcesBuildPhase;
			buildActionMask = 2147483647;
			files = (
				D9118B6E1922FD0B00EDECFC /* InfoPlist.strings in Resources */,
			);
			runOnlyForDeploymentPostprocessing = 0;
		};
/* End PBXResourcesBuildPhase section */

/* Begin PBXSourcesBuildPhase section */
		D9118B3D1922FD0A00EDECFC /* Sources */ = {
			isa = PBXSourcesBuildPhase;
			buildActionMask = 2147483647;
			files = (
				D9118B5B1922FD0A00EDECFC /* ViewController.m in Sources */,
				D9118B551922FD0A00EDECFC /* AppDelegate.m in Sources */,
				D9118B511922FD0A00EDECFC /* main.m in Sources */,
			);
			runOnlyForDeploymentPostprocessing = 0;
		};
		D9118B5E1922FD0A00EDECFC /* Sources */ = {
			isa = PBXSourcesBuildPhase;
			buildActionMask = 2147483647;
			files = (
				D9118B701922FD0B00EDECFC /* BlogAppTests.m in Sources */,
			);
			runOnlyForDeploymentPostprocessing = 0;
		};
/* End PBXSourcesBuildPhase section */

/* Begin PBXTargetDependency section */
		D9118B681922FD0A00EDECFC /* PBXTargetDependency */ = {
			isa = PBXTargetDependency;
			target = D9118B401922FD0A00EDECFC /* BlogApp */;
			targetProxy = D9118B671922FD0A00EDECFC /* PBXContainerItemProxy */;
		};
/* End PBXTargetDependency section */

/* Begin PBXVariantGroup section */
		D9118B4D1922FD0A00EDECFC /* InfoPlist.strings */ = {
			isa = PBXVariantGroup;
			children = (
				D9118B4E1922FD0A00EDECFC /* en */,
			);
			name = InfoPlist.strings;
			sourceTree = "<group>";
		};
		D9118B561922FD0A00EDECFC /* Main.storyboard */ = {
			isa = PBXVariantGroup;
			children = (
				D9118B571922FD0A00EDECFC /* Base */,
			);
			name = Main.storyboard;
			sourceTree = "<group>";
		};
		D9118B6C1922FD0B00EDECFC /* InfoPlist.strings */ = {
			isa = PBXVariantGroup;
			children = (
				D9118B6D1922FD0B00EDECFC /* en */,
			);
			name = InfoPlist.strings;
			sourceTree = "<group>";
		};
/* End PBXVariantGroup section */

/* Begin XCBuildConfiguration section */
		D9118B711922FD0B00EDECFC /* Debug */ = {
			isa = XCBuildConfiguration;
			buildSettings = {
				ALWAYS_SEARCH_USER_PATHS = NO;
				CLANG_CXX_LANGUAGE_STANDARD = "gnu++0x";
				CLANG_CXX_LIBRARY = "libc++";
				CLANG_ENABLE_MODULES = YES;
				CLANG_ENABLE_OBJC_ARC = YES;
				CLANG_WARN_BOOL_CONVERSION = YES;
				CLANG_WARN_CONSTANT_CONVERSION = YES;
				CLANG_WARN_DIRECT_OBJC_ISA_USAGE = YES_ERROR;
				CLANG_WARN_EMPTY_BODY = YES;
				CLANG_WARN_ENUM_CONVERSION = YES;
				CLANG_WARN_INT_CONVERSION = YES;
				CLANG_WARN_OBJC_ROOT_CLASS = YES_ERROR;
				CLANG_WARN__DUPLICATE_METHOD_MATCH = YES;
				"CODE_SIGN_IDENTITY[sdk=iphoneos*]" = "iPhone Developer";
				COPY_PHASE_STRIP = NO;
				GCC_C_LANGUAGE_STANDARD = gnu99;
				GCC_DYNAMIC_NO_PIC = NO;
				GCC_OPTIMIZATION_LEVEL = 0;
				GCC_PREPROCESSOR_DEFINITIONS = (
					"DEBUG=1",
					"$(inherited)",
				);
				GCC_SYMBOLS_PRIVATE_EXTERN = NO;
				GCC_WARN_64_TO_32_BIT_CONVERSION = YES;
				GCC_WARN_ABOUT_RETURN_TYPE = YES_ERROR;
				GCC_WARN_UNDECLARED_SELECTOR = YES;
				GCC_WARN_UNINITIALIZED_AUTOS = YES_AGGRESSIVE;
				GCC_WARN_UNUSED_FUNCTION = YES;
				GCC_WARN_UNUSED_VARIABLE = YES;
				IPHONEOS_DEPLOYMENT_TARGET = 7.1;
				ONLY_ACTIVE_ARCH = YES;
				SDKROOT = iphoneos;
			};
			name = Debug;
		};
		D9118B721922FD0B00EDECFC /* Release */ = {
			isa = XCBuildConfiguration;
			buildSettings = {
				ALWAYS_SEARCH_USER_PATHS = NO;
				CLANG_CXX_LANGUAGE_STANDARD = "gnu++0x";
				CLANG_CXX_LIBRARY = "libc++";
				CLANG_ENABLE_MODULES = YES;
				CLANG_ENABLE_OBJC_ARC = YES;
				CLANG_WARN_BOOL_CONVERSION = YES;
				CLANG_WARN_CONSTANT_CONVERSION = YES;
				CLANG_WARN_DIRECT_OBJC_ISA_USAGE = YES_ERROR;
				CLANG_WARN_EMPTY_BODY = YES;
				CLANG_WARN_ENUM_CONVERSION = YES;
				CLANG_WARN_INT_CONVERSION = YES;
				CLANG_WARN_OBJC_ROOT_CLASS = YES_ERROR;
				CLANG_WARN__DUPLICATE_METHOD_MATCH = YES;
				"CODE_SIGN_IDENTITY[sdk=iphoneos*]" = "iPhone Developer";
				COPY_PHASE_STRIP = YES;
				ENABLE_NS_ASSERTIONS = NO;
				GCC_C_LANGUAGE_STANDARD = gnu99;
				GCC_WARN_64_TO_32_BIT_CONVERSION = YES;
				GCC_WARN_ABOUT_RETURN_TYPE = YES_ERROR;
				GCC_WARN_UNDECLARED_SELECTOR = YES;
				GCC_WARN_UNINITIALIZED_AUTOS = YES_AGGRESSIVE;
				GCC_WARN_UNUSED_FUNCTION = YES;
				GCC_WARN_UNUSED_VARIABLE = YES;
				IPHONEOS_DEPLOYMENT_TARGET = 7.1;
				SDKROOT = iphoneos;
				VALIDATE_PRODUCT = YES;
			};
			name = Release;
		};
		D9118B741922FD0B00EDECFC /* Debug */ = {
			isa = XCBuildConfiguration;
			buildSettings = {
				ASSETCATALOG_COMPILER_APPICON_NAME = AppIcon;
				ASSETCATALOG_COMPILER_LAUNCHIMAGE_NAME = LaunchImage;
				GCC_PRECOMPILE_PREFIX_HEADER = YES;
				GCC_PREFIX_HEADER = "BlogApp/BlogApp-Prefix.pch";
				INFOPLIST_FILE = "BlogApp/BlogApp-Info.plist";
				PRODUCT_NAME = "$(TARGET_NAME)";
				WRAPPER_EXTENSION = app;
			};
			name = Debug;
		};
		D9118B751922FD0B00EDECFC /* Release */ = {
			isa = XCBuildConfiguration;
			buildSettings = {
				ASSETCATALOG_COMPILER_APPICON_NAME = AppIcon;
				ASSETCATALOG_COMPILER_LAUNCHIMAGE_NAME = LaunchImage;
				GCC_PRECOMPILE_PREFIX_HEADER = YES;
				GCC_PREFIX_HEADER = "BlogApp/BlogApp-Prefix.pch";
				INFOPLIST_FILE = "BlogApp/BlogApp-Info.plist";
				PRODUCT_NAME = "$(TARGET_NAME)";
				WRAPPER_EXTENSION = app;
			};
			name = Release;
		};
		D9118B771922FD0B00EDECFC /* Debug */ = {
			isa = XCBuildConfiguration;
			buildSettings = {
				BUNDLE_LOADER = "$(BUILT_PRODUCTS_DIR)/BlogApp.app/BlogApp";
				FRAMEWORK_SEARCH_PATHS = (
					"$(SDKROOT)/Developer/Library/Frameworks",
					"$(inherited)",
					"$(DEVELOPER_FRAMEWORKS_DIR)",
				);
				GCC_PRECOMPILE_PREFIX_HEADER = YES;
				GCC_PREFIX_HEADER = "BlogApp/BlogApp-Prefix.pch";
				GCC_PREPROCESSOR_DEFINITIONS = (
					"DEBUG=1",
					"$(inherited)",
				);
				INFOPLIST_FILE = "BlogAppTests/BlogAppTests-Info.plist";
				PRODUCT_NAME = "$(TARGET_NAME)";
				TEST_HOST = "$(BUNDLE_LOADER)";
				WRAPPER_EXTENSION = xctest;
			};
			name = Debug;
		};
		D9118B781922FD0B00EDECFC /* Release */ = {
			isa = XCBuildConfiguration;
			buildSettings = {
				BUNDLE_LOADER = "$(BUILT_PRODUCTS_DIR)/BlogApp.app/BlogApp";
				FRAMEWORK_SEARCH_PATHS = (
					"$(SDKROOT)/Developer/Library/Frameworks",
					"$(inherited)",
					"$(DEVELOPER_FRAMEWORKS_DIR)",
				);
				GCC_PRECOMPILE_PREFIX_HEADER = YES;
				GCC_PREFIX_HEADER = "BlogApp/BlogApp-Prefix.pch";
				INFOPLIST_FILE = "BlogAppTests/BlogAppTests-Info.plist";
				PRODUCT_NAME = "$(TARGET_NAME)";
				TEST_HOST = "$(BUNDLE_LOADER)";
				WRAPPER_EXTENSION = xctest;
			};
			name = Release;
		};
/* End XCBuildConfiguration section */

/* Begin XCConfigurationList section */
		D9118B3C1922FD0A00EDECFC /* Build configuration list for PBXProject "BlogApp" */ = {
			isa = XCConfigurationList;
			buildConfigurations = (
				D9118B711922FD0B00EDECFC /* Debug */,
				D9118B721922FD0B00EDECFC /* Release */,
			);
			defaultConfigurationIsVisible = 0;
			defaultConfigurationName = Release;
		};
		D9118B731922FD0B00EDECFC /* Build configuration list for PBXNativeTarget "BlogApp" */ = {
			isa = XCConfigurationList;
			buildConfigurations = (
				D9118B741922FD0B00EDECFC /* Debug */,
				D9118B751922FD0B00EDECFC /* Release */,
			);
			defaultConfigurationIsVisible = 0;
		};
		D9118B761922FD0B00EDECFC /* Build configuration list for PBXNativeTarget "BlogAppTests" */ = {
			isa = XCConfigurationList;
			buildConfigurations = (
				D9118B771922FD0B00EDECFC /* Debug */,
				D9118B781922FD0B00EDECFC /* Release */,
			);
			defaultConfigurationIsVisible = 0;
		};
/* End XCConfigurationList section */
	};
	rootObject = D9118B391922FD0A00EDECFC /* Project object */;
}
